// !$*UTF8*$!
{
	archiveVersion = 1;
	classes = {
	};
	objectVersion = 46;
	objects = {

/* Begin PBXBuildFile section */
		A3063C46205488590077F1EB /* flappy2.png in Resources */ = {isa = PBXBuildFile; fileRef = A3063C41205488580077F1EB /* flappy2.png */; };
		A3063C47205488590077F1EB /* pipe1.png in Resources */ = {isa = PBXBuildFile; fileRef = A3063C42205488580077F1EB /* pipe1.png */; };
		A3063C48205488590077F1EB /* flappy1.png in Resources */ = {isa = PBXBuildFile; fileRef = A3063C43205488580077F1EB /* flappy1.png */; };
		A3063C49205488590077F1EB /* pipe2.png in Resources */ = {isa = PBXBuildFile; fileRef = A3063C44205488580077F1EB /* pipe2.png */; };
		A3063C4A205488590077F1EB /* bg.png in Resources */ = {isa = PBXBuildFile; fileRef = A3063C45205488590077F1EB /* bg.png */; };
		C81B4E981D2C18310011C64A /* AppDelegate.swift in Sources */ = {isa = PBXBuildFile; fileRef = C81B4E971D2C18310011C64A /* AppDelegate.swift */; };
		C81B4E9A1D2C18320011C64A /* GameScene.sks in Resources */ = {isa = PBXBuildFile; fileRef = C81B4E991D2C18320011C64A /* GameScene.sks */; };
		C81B4E9C1D2C18320011C64A /* Actions.sks in Resources */ = {isa = PBXBuildFile; fileRef = C81B4E9B1D2C18320011C64A /* Actions.sks */; };
		C81B4E9E1D2C18320011C64A /* GameScene.swift in Sources */ = {isa = PBXBuildFile; fileRef = C81B4E9D1D2C18320011C64A /* GameScene.swift */; };
		C81B4EA01D2C18320011C64A /* GameViewController.swift in Sources */ = {isa = PBXBuildFile; fileRef = C81B4E9F1D2C18320011C64A /* GameViewController.swift */; };
		C81B4EA31D2C18320011C64A /* Main.storyboard in Resources */ = {isa = PBXBuildFile; fileRef = C81B4EA11D2C18320011C64A /* Main.storyboard */; };
		C81B4EA51D2C18320011C64A /* Assets.xcassets in Resources */ = {isa = PBXBuildFile; fileRef = C81B4EA41D2C18320011C64A /* Assets.xcassets */; };
		C81B4EA81D2C18320011C64A /* LaunchScreen.storyboard in Resources */ = {isa = PBXBuildFile; fileRef = C81B4EA61D2C18320011C64A /* LaunchScreen.storyboard */; };
/* End PBXBuildFile section */

/* Begin PBXFileReference section */
		A3063C41205488580077F1EB /* flappy2.png */ = {isa = PBXFileReference; lastKnownFileType = image.png; path = flappy2.png; sourceTree = "<group>"; };
		A3063C42205488580077F1EB /* pipe1.png */ = {isa = PBXFileReference; lastKnownFileType = image.png; path = pipe1.png; sourceTree = "<group>"; };
		A3063C43205488580077F1EB /* flappy1.png */ = {isa = PBXFileReference; lastKnownFileType = image.png; path = flappy1.png; sourceTree = "<group>"; };
		A3063C44205488580077F1EB /* pipe2.png */ = {isa = PBXFileReference; lastKnownFileType = image.png; path = pipe2.png; sourceTree = "<group>"; };
		A3063C45205488590077F1EB /* bg.png */ = {isa = PBXFileReference; lastKnownFileType = image.png; path = bg.png; sourceTree = "<group>"; };
		C81B4E941D2C18310011C64A /* Flappy Bird.app */ = {isa = PBXFileReference; explicitFileType = wrapper.application; includeInIndex = 0; path = "Flappy Bird.app"; sourceTree = BUILT_PRODUCTS_DIR; };
		C81B4E971D2C18310011C64A /* AppDelegate.swift */ = {isa = PBXFileReference; lastKnownFileType = sourcecode.swift; path = AppDelegate.swift; sourceTree = "<group>"; };
		C81B4E991D2C18320011C64A /* GameScene.sks */ = {isa = PBXFileReference; lastKnownFileType = file.sks; path = GameScene.sks; sourceTree = "<group>"; };
		C81B4E9B1D2C18320011C64A /* Actions.sks */ = {isa = PBXFileReference; lastKnownFileType = file.sks; path = Actions.sks; sourceTree = "<group>"; };
		C81B4E9D1D2C18320011C64A /* GameScene.swift */ = {isa = PBXFileReference; lastKnownFileType = sourcecode.swift; path = GameScene.swift; sourceTree = "<group>"; };
		C81B4E9F1D2C18320011C64A /* GameViewController.swift */ = {isa = PBXFileReference; lastKnownFileType = sourcecode.swift; path = GameViewController.swift; sourceTree = "<group>"; };
		C81B4EA21D2C18320011C64A /* Base */ = {isa = PBXFileReference; lastKnownFileType = file.storyboard; name = Base; path = Base.lproj/Main.storyboard; sourceTree = "<group>"; };
		C81B4EA41D2C18320011C64A /* Assets.xcassets */ = {isa = PBXFileReference; lastKnownFileType = folder.assetcatalog; path = Assets.xcassets; sourceTree = "<group>"; };
		C81B4EA71D2C18320011C64A /* Base */ = {isa = PBXFileReference; lastKnownFileType = file.storyboard; name = Base; path = Base.lproj/LaunchScreen.storyboard; sourceTree = "<group>"; };
		C81B4EA91D2C18320011C64A /* Info.plist */ = {isa = PBXFileReference; lastKnownFileType = text.plist.xml; path = Info.plist; sourceTree = "<group>"; };
/* End PBXFileReference section */

/* Begin PBXFrameworksBuildPhase section */
		C81B4E911D2C18310011C64A /* Frameworks */ = {
			isa = PBXFrameworksBuildPhase;
			buildActionMask = 2147483647;
			files = (
			);
			runOnlyForDeploymentPostprocessing = 0;
		};
/* End PBXFrameworksBuildPhase section */

/* Begin PBXGroup section */
		C81B4E8B1D2C18310011C64A = {
			isa = PBXGroup;
			children = (
				C81B4E961D2C18310011C64A /* Flappy Bird */,
				C81B4E951D2C18310011C64A /* Products */,
			);
			sourceTree = "<group>";
		};
		C81B4E951D2C18310011C64A /* Products */ = {
			isa = PBXGroup;
			children = (
				C81B4E941D2C18310011C64A /* Flappy Bird.app */,
			);
			name = Products;
			sourceTree = "<group>";
		};
		C81B4E961D2C18310011C64A /* Flappy Bird */ = {
			isa = PBXGroup;
			children = (
				C81B4E971D2C18310011C64A /* AppDelegate.swift */,
				C81B4E991D2C18320011C64A /* GameScene.sks */,
				C81B4E9B1D2C18320011C64A /* Actions.sks */,
				A3063C45205488590077F1EB /* bg.png */,
				A3063C43205488580077F1EB /* flappy1.png */,
				A3063C41205488580077F1EB /* flappy2.png */,
				A3063C42205488580077F1EB /* pipe1.png */,
				A3063C44205488580077F1EB /* pipe2.png */,
				C81B4E9D1D2C18320011C64A /* GameScene.swift */,
				C81B4E9F1D2C18320011C64A /* GameViewController.swift */,
				C81B4EA11D2C18320011C64A /* Main.storyboard */,
				C81B4EA41D2C18320011C64A /* Assets.xcassets */,
				C81B4EA61D2C18320011C64A /* LaunchScreen.storyboard */,
				C81B4EA91D2C18320011C64A /* Info.plist */,
			);
			path = "Flappy Bird";
			sourceTree = "<group>";
		};
/* End PBXGroup section */

/* Begin PBXNativeTarget section */
		C81B4E931D2C18310011C64A /* Flappy Bird */ = {
			isa = PBXNativeTarget;
			buildConfigurationList = C81B4EAC1D2C18320011C64A /* Build configuration list for PBXNativeTarget "Flappy Bird" */;
			buildPhases = (
				C81B4E901D2C18310011C64A /* Sources */,
				C81B4E911D2C18310011C64A /* Frameworks */,
				C81B4E921D2C18310011C64A /* Resources */,
			);
			buildRules = (
			);
			dependencies = (
			);
			name = "Flappy Bird";
			productName = "Flappy Bird";
			productReference = C81B4E941D2C18310011C64A /* Flappy Bird.app */;
			productType = "com.apple.product-type.application";
		};
/* End PBXNativeTarget section */

/* Begin PBXProject section */
		C81B4E8C1D2C18310011C64A /* Project object */ = {
			isa = PBXProject;
			attributes = {
				LastSwiftUpdateCheck = 0800;
				LastUpgradeCheck = 0800;
				ORGANIZATIONNAME = Appfish;
				TargetAttributes = {
					C81B4E931D2C18310011C64A = {
						CreatedOnToolsVersion = 8.0;
						DevelopmentTeam = L743AR3W6T;
						DevelopmentTeamName = AppFish;
						ProvisioningStyle = Automatic;
					};
				};
			};
			buildConfigurationList = C81B4E8F1D2C18310011C64A /* Build configuration list for PBXProject "Flappy Bird" */;
			compatibilityVersion = "Xcode 3.2";
			developmentRegion = English;
			hasScannedForEncodings = 0;
			knownRegions = (
				en,
				Base,
			);
			mainGroup = C81B4E8B1D2C18310011C64A;
			productRefGroup = C81B4E951D2C18310011C64A /* Products */;
			projectDirPath = "";
			projectRoot = "";
			targets = (
				C81B4E931D2C18310011C64A /* Flappy Bird */,
			);
		};
/* End PBXProject section */

/* Begin PBXResourcesBuildPhase section */
		C81B4E921D2C18310011C64A /* Resources */ = {
			isa = PBXResourcesBuildPhase;
			buildActionMask = 2147483647;
			files = (
				A3063C4A205488590077F1EB /* bg.png in Resources */,
				C81B4EA31D2C18320011C64A /* Main.storyboard in Resources */,
				C81B4E9A1D2C18320011C64A /* GameScene.sks in Resources */,
				A3063C46205488590077F1EB /* flappy2.png in Resources */,
				A3063C48205488590077F1EB /* flappy1.png in Resources */,
				C81B4EA51D2C18320011C64A /* Assets.xcassets in Resources */,
				A3063C49205488590077F1EB /* pipe2.png in Resources */,
				C81B4EA81D2C18320011C64A /* LaunchScreen.storyboard in Resources */,
				A3063C47205488590077F1EB /* pipe1.png in Resources */,
				C81B4E9C1D2C18320011C64A /* Actions.sks in Resources */,
			);
			runOnlyForDeploymentPostprocessing = 0;
		};
/* End PBXResourcesBuildPhase section */

/* Begin PBXSourcesBuildPhase section */
		C81B4E901D2C18310011C64A /* Sources */ = {
			isa = PBXSourcesBuildPhase;
			buildActionMask = 2147483647;
			files = (
				C81B4E9E1D2C18320011C64A /* GameScene.swift in Sources */,
				C81B4EA01D2C18320011C64A /* GameViewController.swift in Sources */,
				C81B4E981D2C18310011C64A /* AppDelegate.swift in Sources */,
			);
			runOnlyForDeploymentPostprocessing = 0;
		};
/* End PBXSourcesBuildPhase section */

/* Begin PBXVariantGroup section */
		C81B4EA11D2C18320011C64A /* Main.storyboard */ = {
			isa = PBXVariantGroup;
			children = (
				C81B4EA21D2C18320011C64A /* Base */,
			);
			name = Main.storyboard;
			sourceTree = "<group>";
		};
		C81B4EA61D2C18320011C64A /* LaunchScreen.storyboard */ = {
			isa = PBXVariantGroup;
			children = (
				C81B4EA71D2C18320011C64A /* Base */,
			);
			name = LaunchScreen.storyboard;
			sourceTree = "<group>";
		};
/* End PBXVariantGroup section */

/* Begin XCBuildConfiguration section */
		C81B4EAA1D2C18320011C64A /* Debug */ = {
			isa = XCBuildConfiguration;
			buildSettings = {
				ALWAYS_SEARCH_USER_PATHS = NO;
				CLANG_ANALYZER_NONNULL = YES;
				CLANG_CXX_LANGUAGE_STANDARD = "gnu++0x";
				CLANG_CXX_LIBRARY = "libc++";
				CLANG_ENABLE_MODULES = YES;
				CLANG_ENABLE_OBJC_ARC = YES;
				CLANG_WARN_BOOL_CONVERSION = YES;
				CLANG_WARN_CONSTANT_CONVERSION = YES;
				CLANG_WARN_DIRECT_OBJC_ISA_USAGE = YES_ERROR;
				CLANG_WARN_DOCUMENTATION_COMMENTS = YES;
				CLANG_WARN_EMPTY_BODY = YES;
				CLANG_WARN_ENUM_CONVERSION = YES;
				CLANG_WARN_INT_CONVERSION = YES;
				CLANG_WARN_OBJC_ROOT_CLASS = YES_ERROR;
				CLANG_WARN_UNREACHABLE_CODE = YES;
				CLANG_WARN__DUPLICATE_METHOD_MATCH = YES;
				"CODE_SIGN_IDENTITY[sdk=iphoneos*]" = "iPhone Developer";
				COPY_PHASE_STRIP = NO;
				DEBUG_INFORMATION_FORMAT = "dwarf-with-dsym";
				ENABLE_STRICT_OBJC_MSGSEND = YES;
				ENABLE_TESTABILITY = YES;
				GCC_C_LANGUAGE_STANDARD = gnu99;
				GCC_DYNAMIC_NO_PIC = NO;
				GCC_NO_COMMON_BLOCKS = YES;
				GCC_OPTIMIZATION_LEVEL = 0;
				GCC_PREPROCESSOR_DEFINITIONS = (
					"DEBUG=1",
					"$(inherited)",
				);
				GCC_WARN_64_TO_32_BIT_CONVERSION = YES;
				GCC_WARN_ABOUT_RETURN_TYPE = YES_ERROR;
				GCC_WARN_UNDECLARED_SELECTOR = YES;
				GCC_WARN_UNINITIALIZED_AUTOS = YES_AGGRESSIVE;
				GCC_WARN_UNUSED_FUNCTION = YES;
				GCC_WARN_UNUSED_VARIABLE = YES;
				IPHONEOS_DEPLOYMENT_TARGET = 10.0;
				MTL_ENABLE_DEBUG_INFO = YES;
				ONLY_ACTIVE_ARCH = YES;
				SDKROOT = iphoneos;
				SWIFT_ACTIVE_COMPILATION_CONDITIONS = DEBUG;
				SWIFT_OPTIMIZATION_LEVEL = "-Onone";
			};
			name = Debug;
		};
		C81B4EAB1D2C18320011C64A /* Release */ = {
			isa = XCBuildConfiguration;
			buildSettings = {
				ALWAYS_SEARCH_USER_PATHS = NO;
				CLANG_ANALYZER_NONNULL = YES;
				CLANG_CXX_LANGUAGE_STANDARD = "gnu++0x";
				CLANG_CXX_LIBRARY = "libc++";
				CLANG_ENABLE_MODULES = YES;
				CLANG_ENABLE_OBJC_ARC = YES;
				CLANG_WARN_BOOL_CONVERSION = YES;
				CLANG_WARN_CONSTANT_CONVERSION = YES;
				CLANG_WARN_DIRECT_OBJC_ISA_USAGE = YES_ERROR;
				CLANG_WARN_DOCUMENTATION_COMMENTS = YES;
				CLANG_WARN_EMPTY_BODY = YES;
				CLANG_WARN_ENUM_CONVERSION = YES;
				CLANG_WARN_INT_CONVERSION = YES;
				CLANG_WARN_OBJC_ROOT_CLASS = YES_ERROR;
				CLANG_WARN_UNREACHABLE_CODE = YES;
				CLANG_WARN__DUPLICATE_METHOD_MATCH = YES;
				"CODE_SIGN_IDENTITY[sdk=iphoneos*]" = "iPhone Developer";
				COPY_PHASE_STRIP = NO;
				DEBUG_INFORMATION_FORMAT = "dwarf-with-dsym";
				ENABLE_NS_ASSERTIONS = NO;
				ENABLE_STRICT_OBJC_MSGSEND = YES;
				GCC_C_LANGUAGE_STANDARD = gnu99;
				GCC_NO_COMMON_BLOCKS = YES;
				GCC_WARN_64_TO_32_BIT_CONVERSION = YES;
				GCC_WARN_ABOUT_RETURN_TYPE = YES_ERROR;
				GCC_WARN_UNDECLARED_SELECTOR = YES;
				GCC_WARN_UNINITIALIZED_AUTOS = YES_AGGRESSIVE;
				GCC_WARN_UNUSED_FUNCTION = YES;
				GCC_WARN_UNUSED_VARIABLE = YES;
				IPHONEOS_DEPLOYMENT_TARGET = 10.0;
				MTL_ENABLE_DEBUG_INFO = NO;
				SDKROOT = iphoneos;
				SWIFT_OPTIMIZATION_LEVEL = "-Owholemodule";
				VALIDATE_PRODUCT = YES;
			};
			name = Release;
		};
		C81B4EAD1D2C18320011C64A /* Debug */ = {
			isa = XCBuildConfiguration;
			buildSettings = {
				ASSETCATALOG_COMPILER_APPICON_NAME = AppIcon;
				INFOPLIST_FILE = "Flappy Bird/Info.plist";
				LD_RUNPATH_SEARCH_PATHS = "$(inherited) @executable_path/Frameworks";
				PRODUCT_BUNDLE_IDENTIFIER = "com.appfish.Flappy-Bird";
				PRODUCT_NAME = "$(TARGET_NAME)";
				SWIFT_VERSION = 3.0;
			};
			name = Debug;
		};
		C81B4EAE1D2C18320011C64A /* Release */ = {
			isa = XCBuildConfiguration;
			buildSettings = {
				ASSETCATALOG_COMPILER_APPICON_NAME = AppIcon;
				INFOPLIST_FILE = "Flappy Bird/Info.plist";
				LD_RUNPATH_SEARCH_PATHS = "$(inherited) @executable_path/Frameworks";
				PRODUCT_BUNDLE_IDENTIFIER = "com.appfish.Flappy-Bird";
				PRODUCT_NAME = "$(TARGET_NAME)";
				SWIFT_VERSION = 3.0;
			};
			name = Release;
		};
/* End XCBuildConfiguration section */

/* Begin XCConfigurationList section */
		C81B4E8F1D2C18310011C64A /* Build configuration list for PBXProject "Flappy Bird" */ = {
			isa = XCConfigurationList;
			buildConfigurations = (
				C81B4EAA1D2C18320011C64A /* Debug */,
				C81B4EAB1D2C18320011C64A /* Release */,
			);
			defaultConfigurationIsVisible = 0;
			defaultConfigurationName = Release;
		};
		C81B4EAC1D2C18320011C64A /* Build configuration list for PBXNativeTarget "Flappy Bird" */ = {
			isa = XCConfigurationList;
			buildConfigurations = (
				C81B4EAD1D2C18320011C64A /* Debug */,
				C81B4EAE1D2C18320011C64A /* Release */,
			);
			defaultConfigurationIsVisible = 0;
			defaultConfigurationName = Release;
		};
/* End XCConfigurationList section */
	};
	rootObject = C81B4E8C1D2C18310011C64A /* Project object */;
}
