// !$*UTF8*$!
{
	archiveVersion = 1;
	classes = {
	};
	objectVersion = 48;
	objects = {

/* Begin PBXBuildFile section */
		A3B9255C2027F9380023EECE /* AppDelegate.swift in Sources */ = {isa = PBXBuildFile; fileRef = A3B9255B2027F9380023EECE /* AppDelegate.swift */; };
		A3B9255E2027F9380023EECE /* ViewController.swift in Sources */ = {isa = PBXBuildFile; fileRef = A3B9255D2027F9380023EECE /* ViewController.swift */; };
		A3B925612027F9380023EECE /* Main.storyboard in Resources */ = {isa = PBXBuildFile; fileRef = A3B9255F2027F9380023EECE /* Main.storyboard */; };
		A3B925632027F9380023EECE /* Assets.xcassets in Resources */ = {isa = PBXBuildFile; fileRef = A3B925622027F9380023EECE /* Assets.xcassets */; };
		A3B925662027F9390023EECE /* LaunchScreen.storyboard in Resources */ = {isa = PBXBuildFile; fileRef = A3B925642027F9390023EECE /* LaunchScreen.storyboard */; };
		A3B9256E2027FD390023EECE /* bach.jpg in Resources */ = {isa = PBXBuildFile; fileRef = A3B9256D2027FD390023EECE /* bach.jpg */; };
		A3B925702027FD6C0023EECE /* sheep.mp3 in Resources */ = {isa = PBXBuildFile; fileRef = A3B9256F2027FD6C0023EECE /* sheep.mp3 */; };
/* End PBXBuildFile section */

/* Begin PBXFileReference section */
		A3B925582027F9380023EECE /* BackToBach.app */ = {isa = PBXFileReference; explicitFileType = wrapper.application; includeInIndex = 0; path = BackToBach.app; sourceTree = BUILT_PRODUCTS_DIR; };
		A3B9255B2027F9380023EECE /* AppDelegate.swift */ = {isa = PBXFileReference; lastKnownFileType = sourcecode.swift; path = AppDelegate.swift; sourceTree = "<group>"; };
		A3B9255D2027F9380023EECE /* ViewController.swift */ = {isa = PBXFileReference; lastKnownFileType = sourcecode.swift; path = ViewController.swift; sourceTree = "<group>"; };
		A3B925602027F9380023EECE /* Base */ = {isa = PBXFileReference; lastKnownFileType = file.storyboard; name = Base; path = Base.lproj/Main.storyboard; sourceTree = "<group>"; };
		A3B925622027F9380023EECE /* Assets.xcassets */ = {isa = PBXFileReference; lastKnownFileType = folder.assetcatalog; path = Assets.xcassets; sourceTree = "<group>"; };
		A3B925652027F9390023EECE /* Base */ = {isa = PBXFileReference; lastKnownFileType = file.storyboard; name = Base; path = Base.lproj/LaunchScreen.storyboard; sourceTree = "<group>"; };
		A3B925672027F9390023EECE /* Info.plist */ = {isa = PBXFileReference; lastKnownFileType = text.plist.xml; path = Info.plist; sourceTree = "<group>"; };
		A3B9256D2027FD390023EECE /* bach.jpg */ = {isa = PBXFileReference; lastKnownFileType = image.jpeg; path = bach.jpg; sourceTree = "<group>"; };
		A3B9256F2027FD6C0023EECE /* sheep.mp3 */ = {isa = PBXFileReference; lastKnownFileType = audio.mp3; name = sheep.mp3; path = ../../AudioPlayer/AudioPlayer/sheep.mp3; sourceTree = "<group>"; };
/* End PBXFileReference section */

/* Begin PBXFrameworksBuildPhase section */
		A3B925552027F9380023EECE /* Frameworks */ = {
			isa = PBXFrameworksBuildPhase;
			buildActionMask = 2147483647;
			files = (
			);
			runOnlyForDeploymentPostprocessing = 0;
		};
/* End PBXFrameworksBuildPhase section */

/* Begin PBXGroup section */
		A3B9254F2027F9380023EECE = {
			isa = PBXGroup;
			children = (
				A3B9255A2027F9380023EECE /* BackToBach */,
				A3B925592027F9380023EECE /* Products */,
			);
			sourceTree = "<group>";
		};
		A3B925592027F9380023EECE /* Products */ = {
			isa = PBXGroup;
			children = (
				A3B925582027F9380023EECE /* BackToBach.app */,
			);
			name = Products;
			sourceTree = "<group>";
		};
		A3B9255A2027F9380023EECE /* BackToBach */ = {
			isa = PBXGroup;
			children = (
				A3B9255B2027F9380023EECE /* AppDelegate.swift */,
				A3B9255D2027F9380023EECE /* ViewController.swift */,
				A3B9256D2027FD390023EECE /* bach.jpg */,
				A3B9256F2027FD6C0023EECE /* sheep.mp3 */,
				A3B9255F2027F9380023EECE /* Main.storyboard */,
				A3B925622027F9380023EECE /* Assets.xcassets */,
				A3B925642027F9390023EECE /* LaunchScreen.storyboard */,
				A3B925672027F9390023EECE /* Info.plist */,
			);
			path = BackToBach;
			sourceTree = "<group>";
		};
/* End PBXGroup section */

/* Begin PBXNativeTarget section */
		A3B925572027F9380023EECE /* BackToBach */ = {
			isa = PBXNativeTarget;
			buildConfigurationList = A3B9256A2027F9390023EECE /* Build configuration list for PBXNativeTarget "BackToBach" */;
			buildPhases = (
				A3B925542027F9380023EECE /* Sources */,
				A3B925552027F9380023EECE /* Frameworks */,
				A3B925562027F9380023EECE /* Resources */,
			);
			buildRules = (
			);
			dependencies = (
			);
			name = BackToBach;
			productName = BackToBach;
			productReference = A3B925582027F9380023EECE /* BackToBach.app */;
			productType = "com.apple.product-type.application";
		};
/* End PBXNativeTarget section */

/* Begin PBXProject section */
		A3B925502027F9380023EECE /* Project object */ = {
			isa = PBXProject;
			attributes = {
				LastSwiftUpdateCheck = 0920;
				LastUpgradeCheck = 0920;
				ORGANIZATIONNAME = ShihChia;
				TargetAttributes = {
					A3B925572027F9380023EECE = {
						CreatedOnToolsVersion = 9.2;
						ProvisioningStyle = Automatic;
					};
				};
			};
			buildConfigurationList = A3B925532027F9380023EECE /* Build configuration list for PBXProject "BackToBach" */;
			compatibilityVersion = "Xcode 8.0";
			developmentRegion = en;
			hasScannedForEncodings = 0;
			knownRegions = (
				en,
				Base,
			);
			mainGroup = A3B9254F2027F9380023EECE;
			productRefGroup = A3B925592027F9380023EECE /* Products */;
			projectDirPath = "";
			projectRoot = "";
			targets = (
				A3B925572027F9380023EECE /* BackToBach */,
			);
		};
/* End PBXProject section */

/* Begin PBXResourcesBuildPhase section */
		A3B925562027F9380023EECE /* Resources */ = {
			isa = PBXResourcesBuildPhase;
			buildActionMask = 2147483647;
			files = (
				A3B925702027FD6C0023EECE /* sheep.mp3 in Resources */,
				A3B925662027F9390023EECE /* LaunchScreen.storyboard in Resources */,
				A3B9256E2027FD390023EECE /* bach.jpg in Resources */,
				A3B925632027F9380023EECE /* Assets.xcassets in Resources */,
				A3B925612027F9380023EECE /* Main.storyboard in Resources */,
			);
			runOnlyForDeploymentPostprocessing = 0;
		};
/* End PBXResourcesBuildPhase section */

/* Begin PBXSourcesBuildPhase section */
		A3B925542027F9380023EECE /* Sources */ = {
			isa = PBXSourcesBuildPhase;
			buildActionMask = 2147483647;
			files = (
				A3B9255E2027F9380023EECE /* ViewController.swift in Sources */,
				A3B9255C2027F9380023EECE /* AppDelegate.swift in Sources */,
			);
			runOnlyForDeploymentPostprocessing = 0;
		};
/* End PBXSourcesBuildPhase section */

/* Begin PBXVariantGroup section */
		A3B9255F2027F9380023EECE /* Main.storyboard */ = {
			isa = PBXVariantGroup;
			children = (
				A3B925602027F9380023EECE /* Base */,
			);
			name = Main.storyboard;
			sourceTree = "<group>";
		};
		A3B925642027F9390023EECE /* LaunchScreen.storyboard */ = {
			isa = PBXVariantGroup;
			children = (
				A3B925652027F9390023EECE /* Base */,
			);
			name = LaunchScreen.storyboard;
			sourceTree = "<group>";
		};
/* End PBXVariantGroup section */

/* Begin XCBuildConfiguration section */
		A3B925682027F9390023EECE /* Debug */ = {
			isa = XCBuildConfiguration;
			buildSettings = {
				ALWAYS_SEARCH_USER_PATHS = NO;
				CLANG_ANALYZER_NONNULL = YES;
				CLANG_ANALYZER_NUMBER_OBJECT_CONVERSION = YES_AGGRESSIVE;
				CLANG_CXX_LANGUAGE_STANDARD = "gnu++14";
				CLANG_CXX_LIBRARY = "libc++";
				CLANG_ENABLE_MODULES = YES;
				CLANG_ENABLE_OBJC_ARC = YES;
				CLANG_WARN_BLOCK_CAPTURE_AUTORELEASING = YES;
				CLANG_WARN_BOOL_CONVERSION = YES;
				CLANG_WARN_COMMA = YES;
				CLANG_WARN_CONSTANT_CONVERSION = YES;
				CLANG_WARN_DIRECT_OBJC_ISA_USAGE = YES_ERROR;
				CLANG_WARN_DOCUMENTATION_COMMENTS = YES;
				CLANG_WARN_EMPTY_BODY = YES;
				CLANG_WARN_ENUM_CONVERSION = YES;
				CLANG_WARN_INFINITE_RECURSION = YES;
				CLANG_WARN_INT_CONVERSION = YES;
				CLANG_WARN_NON_LITERAL_NULL_CONVERSION = YES;
				CLANG_WARN_OBJC_LITERAL_CONVERSION = YES;
				CLANG_WARN_OBJC_ROOT_CLASS = YES_ERROR;
				CLANG_WARN_RANGE_LOOP_ANALYSIS = YES;
				CLANG_WARN_STRICT_PROTOTYPES = YES;
				CLANG_WARN_SUSPICIOUS_MOVE = YES;
				CLANG_WARN_UNGUARDED_AVAILABILITY = YES_AGGRESSIVE;
				CLANG_WARN_UNREACHABLE_CODE = YES;
				CLANG_WARN__DUPLICATE_METHOD_MATCH = YES;
				CODE_SIGN_IDENTITY = "iPhone Developer";
				COPY_PHASE_STRIP = NO;
				DEBUG_INFORMATION_FORMAT = dwarf;
				ENABLE_STRICT_OBJC_MSGSEND = YES;
				ENABLE_TESTABILITY = YES;
				GCC_C_LANGUAGE_STANDARD = gnu11;
				GCC_DYNAMIC_NO_PIC = NO;
				GCC_NO_COMMON_BLOCKS = YES;
				GCC_OPTIMIZATION_LEVEL = 0;
				GCC_PREPROCESSOR_DEFINITIONS = (
					"DEBUG=1",
					"$(inherited)",
				);
				GCC_WARN_64_TO_32_BIT_CONVERSION = YES;
				GCC_WARN_ABOUT_RETURN_TYPE = YES_ERROR;
				GCC_WARN_UNDECLARED_SELECTOR = YES;
				GCC_WARN_UNINITIALIZED_AUTOS = YES_AGGRESSIVE;
				GCC_WARN_UNUSED_FUNCTION = YES;
				GCC_WARN_UNUSED_VARIABLE = YES;
				IPHONEOS_DEPLOYMENT_TARGET = 11.2;
				MTL_ENABLE_DEBUG_INFO = YES;
				ONLY_ACTIVE_ARCH = YES;
				SDKROOT = iphoneos;
				SWIFT_ACTIVE_COMPILATION_CONDITIONS = DEBUG;
				SWIFT_OPTIMIZATION_LEVEL = "-Onone";
			};
			name = Debug;
		};
		A3B925692027F9390023EECE /* Release */ = {
			isa = XCBuildConfiguration;
			buildSettings = {
				ALWAYS_SEARCH_USER_PATHS = NO;
				CLANG_ANALYZER_NONNULL = YES;
				CLANG_ANALYZER_NUMBER_OBJECT_CONVERSION = YES_AGGRESSIVE;
				CLANG_CXX_LANGUAGE_STANDARD = "gnu++14";
				CLANG_CXX_LIBRARY = "libc++";
				CLANG_ENABLE_MODULES = YES;
				CLANG_ENABLE_OBJC_ARC = YES;
				CLANG_WARN_BLOCK_CAPTURE_AUTORELEASING = YES;
				CLANG_WARN_BOOL_CONVERSION = YES;
				CLANG_WARN_COMMA = YES;
				CLANG_WARN_CONSTANT_CONVERSION = YES;
				CLANG_WARN_DIRECT_OBJC_ISA_USAGE = YES_ERROR;
				CLANG_WARN_DOCUMENTATION_COMMENTS = YES;
				CLANG_WARN_EMPTY_BODY = YES;
				CLANG_WARN_ENUM_CONVERSION = YES;
				CLANG_WARN_INFINITE_RECURSION = YES;
				CLANG_WARN_INT_CONVERSION = YES;
				CLANG_WARN_NON_LITERAL_NULL_CONVERSION = YES;
				CLANG_WARN_OBJC_LITERAL_CONVERSION = YES;
				CLANG_WARN_OBJC_ROOT_CLASS = YES_ERROR;
				CLANG_WARN_RANGE_LOOP_ANALYSIS = YES;
				CLANG_WARN_STRICT_PROTOTYPES = YES;
				CLANG_WARN_SUSPICIOUS_MOVE = YES;
				CLANG_WARN_UNGUARDED_AVAILABILITY = YES_AGGRESSIVE;
				CLANG_WARN_UNREACHABLE_CODE = YES;
				CLANG_WARN__DUPLICATE_METHOD_MATCH = YES;
				CODE_SIGN_IDENTITY = "iPhone Developer";
				COPY_PHASE_STRIP = NO;
				DEBUG_INFORMATION_FORMAT = "dwarf-with-dsym";
				ENABLE_NS_ASSERTIONS = NO;
				ENABLE_STRICT_OBJC_MSGSEND = YES;
				GCC_C_LANGUAGE_STANDARD = gnu11;
				GCC_NO_COMMON_BLOCKS = YES;
				GCC_WARN_64_TO_32_BIT_CONVERSION = YES;
				GCC_WARN_ABOUT_RETURN_TYPE = YES_ERROR;
				GCC_WARN_UNDECLARED_SELECTOR = YES;
				GCC_WARN_UNINITIALIZED_AUTOS = YES_AGGRESSIVE;
				GCC_WARN_UNUSED_FUNCTION = YES;
				GCC_WARN_UNUSED_VARIABLE = YES;
				IPHONEOS_DEPLOYMENT_TARGET = 11.2;
				MTL_ENABLE_DEBUG_INFO = NO;
				SDKROOT = iphoneos;
				SWIFT_OPTIMIZATION_LEVEL = "-Owholemodule";
				VALIDATE_PRODUCT = YES;
			};
			name = Release;
		};
		A3B9256B2027F9390023EECE /* Debug */ = {
			isa = XCBuildConfiguration;
			buildSettings = {
				ASSETCATALOG_COMPILER_APPICON_NAME = AppIcon;
				CODE_SIGN_STYLE = Automatic;
				INFOPLIST_FILE = BackToBach/Info.plist;
				LD_RUNPATH_SEARCH_PATHS = "$(inherited) @executable_path/Frameworks";
				PRODUCT_BUNDLE_IDENTIFIER = com.chensc.BackToBach;
				PRODUCT_NAME = "$(TARGET_NAME)";
				SWIFT_VERSION = 4.0;
				TARGETED_DEVICE_FAMILY = "1,2";
			};
			name = Debug;
		};
		A3B9256C2027F9390023EECE /* Release */ = {
			isa = XCBuildConfiguration;
			buildSettings = {
				ASSETCATALOG_COMPILER_APPICON_NAME = AppIcon;
				CODE_SIGN_STYLE = Automatic;
				INFOPLIST_FILE = BackToBach/Info.plist;
				LD_RUNPATH_SEARCH_PATHS = "$(inherited) @executable_path/Frameworks";
				PRODUCT_BUNDLE_IDENTIFIER = com.chensc.BackToBach;
				PRODUCT_NAME = "$(TARGET_NAME)";
				SWIFT_VERSION = 4.0;
				TARGETED_DEVICE_FAMILY = "1,2";
			};
			name = Release;
		};
/* End XCBuildConfiguration section */

/* Begin XCConfigurationList section */
		A3B925532027F9380023EECE /* Build configuration list for PBXProject "BackToBach" */ = {
			isa = XCConfigurationList;
			buildConfigurations = (
				A3B925682027F9390023EECE /* Debug */,
				A3B925692027F9390023EECE /* Release */,
			);
			defaultConfigurationIsVisible = 0;
			defaultConfigurationName = Release;
		};
		A3B9256A2027F9390023EECE /* Build configuration list for PBXNativeTarget "BackToBach" */ = {
			isa = XCConfigurationList;
			buildConfigurations = (
				A3B9256B2027F9390023EECE /* Debug */,
				A3B9256C2027F9390023EECE /* Release */,
			);
			defaultConfigurationIsVisible = 0;
			defaultConfigurationName = Release;
		};
/* End XCConfigurationList section */
	};
	rootObject = A3B925502027F9380023EECE /* Project object */;
}
