// !$*UTF8*$!
{
	archiveVersion = 1;
	classes = {
	};
	objectVersion = 48;
	objects = {

/* Begin PBXBuildFile section */
		A3B925152023AB350023EECE /* AppDelegate.swift in Sources */ = {isa = PBXBuildFile; fileRef = A3B925142023AB350023EECE /* AppDelegate.swift */; };
		A3B925172023AB350023EECE /* ViewController.swift in Sources */ = {isa = PBXBuildFile; fileRef = A3B925162023AB350023EECE /* ViewController.swift */; };
		A3B9251A2023AB350023EECE /* Main.storyboard in Resources */ = {isa = PBXBuildFile; fileRef = A3B925182023AB350023EECE /* Main.storyboard */; };
		A3B9251C2023AB350023EECE /* Assets.xcassets in Resources */ = {isa = PBXBuildFile; fileRef = A3B9251B2023AB350023EECE /* Assets.xcassets */; };
		A3B9251F2023AB350023EECE /* LaunchScreen.storyboard in Resources */ = {isa = PBXBuildFile; fileRef = A3B9251D2023AB350023EECE /* LaunchScreen.storyboard */; };
		A3B925272023ADB80023EECE /* PlacesViewController.swift in Sources */ = {isa = PBXBuildFile; fileRef = A3B925262023ADB80023EECE /* PlacesViewController.swift */; };
		A3B9252A2023C3F80023EECE /* CoreLocation.framework in Frameworks */ = {isa = PBXBuildFile; fileRef = A3B925292023C3F80023EECE /* CoreLocation.framework */; };
/* End PBXBuildFile section */

/* Begin PBXFileReference section */
		A3B925112023AB350023EECE /* MemorablePlaces.app */ = {isa = PBXFileReference; explicitFileType = wrapper.application; includeInIndex = 0; path = MemorablePlaces.app; sourceTree = BUILT_PRODUCTS_DIR; };
		A3B925142023AB350023EECE /* AppDelegate.swift */ = {isa = PBXFileReference; lastKnownFileType = sourcecode.swift; path = AppDelegate.swift; sourceTree = "<group>"; };
		A3B925162023AB350023EECE /* ViewController.swift */ = {isa = PBXFileReference; lastKnownFileType = sourcecode.swift; path = ViewController.swift; sourceTree = "<group>"; };
		A3B925192023AB350023EECE /* Base */ = {isa = PBXFileReference; lastKnownFileType = file.storyboard; name = Base; path = Base.lproj/Main.storyboard; sourceTree = "<group>"; };
		A3B9251B2023AB350023EECE /* Assets.xcassets */ = {isa = PBXFileReference; lastKnownFileType = folder.assetcatalog; path = Assets.xcassets; sourceTree = "<group>"; };
		A3B9251E2023AB350023EECE /* Base */ = {isa = PBXFileReference; lastKnownFileType = file.storyboard; name = Base; path = Base.lproj/LaunchScreen.storyboard; sourceTree = "<group>"; };
		A3B925202023AB350023EECE /* Info.plist */ = {isa = PBXFileReference; lastKnownFileType = text.plist.xml; path = Info.plist; sourceTree = "<group>"; };
		A3B925262023ADB80023EECE /* PlacesViewController.swift */ = {isa = PBXFileReference; lastKnownFileType = sourcecode.swift; path = PlacesViewController.swift; sourceTree = "<group>"; };
		A3B925292023C3F80023EECE /* CoreLocation.framework */ = {isa = PBXFileReference; lastKnownFileType = wrapper.framework; name = CoreLocation.framework; path = System/Library/Frameworks/CoreLocation.framework; sourceTree = SDKROOT; };
/* End PBXFileReference section */

/* Begin PBXFrameworksBuildPhase section */
		A3B9250E2023AB350023EECE /* Frameworks */ = {
			isa = PBXFrameworksBuildPhase;
			buildActionMask = 2147483647;
			files = (
				A3B9252A2023C3F80023EECE /* CoreLocation.framework in Frameworks */,
			);
			runOnlyForDeploymentPostprocessing = 0;
		};
/* End PBXFrameworksBuildPhase section */

/* Begin PBXGroup section */
		A3B925082023AB350023EECE = {
			isa = PBXGroup;
			children = (
				A3B925132023AB350023EECE /* MemorablePlaces */,
				A3B925122023AB350023EECE /* Products */,
				A3B925282023C3F80023EECE /* Frameworks */,
			);
			sourceTree = "<group>";
		};
		A3B925122023AB350023EECE /* Products */ = {
			isa = PBXGroup;
			children = (
				A3B925112023AB350023EECE /* MemorablePlaces.app */,
			);
			name = Products;
			sourceTree = "<group>";
		};
		A3B925132023AB350023EECE /* MemorablePlaces */ = {
			isa = PBXGroup;
			children = (
				A3B925142023AB350023EECE /* AppDelegate.swift */,
				A3B925162023AB350023EECE /* ViewController.swift */,
				A3B925262023ADB80023EECE /* PlacesViewController.swift */,
				A3B925182023AB350023EECE /* Main.storyboard */,
				A3B9251B2023AB350023EECE /* Assets.xcassets */,
				A3B9251D2023AB350023EECE /* LaunchScreen.storyboard */,
				A3B925202023AB350023EECE /* Info.plist */,
			);
			path = MemorablePlaces;
			sourceTree = "<group>";
		};
		A3B925282023C3F80023EECE /* Frameworks */ = {
			isa = PBXGroup;
			children = (
				A3B925292023C3F80023EECE /* CoreLocation.framework */,
			);
			name = Frameworks;
			sourceTree = "<group>";
		};
/* End PBXGroup section */

/* Begin PBXNativeTarget section */
		A3B925102023AB350023EECE /* MemorablePlaces */ = {
			isa = PBXNativeTarget;
			buildConfigurationList = A3B925232023AB350023EECE /* Build configuration list for PBXNativeTarget "MemorablePlaces" */;
			buildPhases = (
				A3B9250D2023AB350023EECE /* Sources */,
				A3B9250E2023AB350023EECE /* Frameworks */,
				A3B9250F2023AB350023EECE /* Resources */,
			);
			buildRules = (
			);
			dependencies = (
			);
			name = MemorablePlaces;
			productName = MemorablePlaces;
			productReference = A3B925112023AB350023EECE /* MemorablePlaces.app */;
			productType = "com.apple.product-type.application";
		};
/* End PBXNativeTarget section */

/* Begin PBXProject section */
		A3B925092023AB350023EECE /* Project object */ = {
			isa = PBXProject;
			attributes = {
				LastSwiftUpdateCheck = 0920;
				LastUpgradeCheck = 0920;
				ORGANIZATIONNAME = ShihChia;
				TargetAttributes = {
					A3B925102023AB350023EECE = {
						CreatedOnToolsVersion = 9.2;
						ProvisioningStyle = Automatic;
					};
				};
			};
			buildConfigurationList = A3B9250C2023AB350023EECE /* Build configuration list for PBXProject "MemorablePlaces" */;
			compatibilityVersion = "Xcode 8.0";
			developmentRegion = en;
			hasScannedForEncodings = 0;
			knownRegions = (
				en,
				Base,
			);
			mainGroup = A3B925082023AB350023EECE;
			productRefGroup = A3B925122023AB350023EECE /* Products */;
			projectDirPath = "";
			projectRoot = "";
			targets = (
				A3B925102023AB350023EECE /* MemorablePlaces */,
			);
		};
/* End PBXProject section */

/* Begin PBXResourcesBuildPhase section */
		A3B9250F2023AB350023EECE /* Resources */ = {
			isa = PBXResourcesBuildPhase;
			buildActionMask = 2147483647;
			files = (
				A3B9251F2023AB350023EECE /* LaunchScreen.storyboard in Resources */,
				A3B9251C2023AB350023EECE /* Assets.xcassets in Resources */,
				A3B9251A2023AB350023EECE /* Main.storyboard in Resources */,
			);
			runOnlyForDeploymentPostprocessing = 0;
		};
/* End PBXResourcesBuildPhase section */

/* Begin PBXSourcesBuildPhase section */
		A3B9250D2023AB350023EECE /* Sources */ = {
			isa = PBXSourcesBuildPhase;
			buildActionMask = 2147483647;
			files = (
				A3B925272023ADB80023EECE /* PlacesViewController.swift in Sources */,
				A3B925172023AB350023EECE /* ViewController.swift in Sources */,
				A3B925152023AB350023EECE /* AppDelegate.swift in Sources */,
			);
			runOnlyForDeploymentPostprocessing = 0;
		};
/* End PBXSourcesBuildPhase section */

/* Begin PBXVariantGroup section */
		A3B925182023AB350023EECE /* Main.storyboard */ = {
			isa = PBXVariantGroup;
			children = (
				A3B925192023AB350023EECE /* Base */,
			);
			name = Main.storyboard;
			sourceTree = "<group>";
		};
		A3B9251D2023AB350023EECE /* LaunchScreen.storyboard */ = {
			isa = PBXVariantGroup;
			children = (
				A3B9251E2023AB350023EECE /* Base */,
			);
			name = LaunchScreen.storyboard;
			sourceTree = "<group>";
		};
/* End PBXVariantGroup section */

/* Begin XCBuildConfiguration section */
		A3B925212023AB350023EECE /* Debug */ = {
			isa = XCBuildConfiguration;
			buildSettings = {
				ALWAYS_SEARCH_USER_PATHS = NO;
				CLANG_ANALYZER_NONNULL = YES;
				CLANG_ANALYZER_NUMBER_OBJECT_CONVERSION = YES_AGGRESSIVE;
				CLANG_CXX_LANGUAGE_STANDARD = "gnu++14";
				CLANG_CXX_LIBRARY = "libc++";
				CLANG_ENABLE_MODULES = YES;
				CLANG_ENABLE_OBJC_ARC = YES;
				CLANG_WARN_BLOCK_CAPTURE_AUTORELEASING = YES;
				CLANG_WARN_BOOL_CONVERSION = YES;
				CLANG_WARN_COMMA = YES;
				CLANG_WARN_CONSTANT_CONVERSION = YES;
				CLANG_WARN_DIRECT_OBJC_ISA_USAGE = YES_ERROR;
				CLANG_WARN_DOCUMENTATION_COMMENTS = YES;
				CLANG_WARN_EMPTY_BODY = YES;
				CLANG_WARN_ENUM_CONVERSION = YES;
				CLANG_WARN_INFINITE_RECURSION = YES;
				CLANG_WARN_INT_CONVERSION = YES;
				CLANG_WARN_NON_LITERAL_NULL_CONVERSION = YES;
				CLANG_WARN_OBJC_LITERAL_CONVERSION = YES;
				CLANG_WARN_OBJC_ROOT_CLASS = YES_ERROR;
				CLANG_WARN_RANGE_LOOP_ANALYSIS = YES;
				CLANG_WARN_STRICT_PROTOTYPES = YES;
				CLANG_WARN_SUSPICIOUS_MOVE = YES;
				CLANG_WARN_UNGUARDED_AVAILABILITY = YES_AGGRESSIVE;
				CLANG_WARN_UNREACHABLE_CODE = YES;
				CLANG_WARN__DUPLICATE_METHOD_MATCH = YES;
				CODE_SIGN_IDENTITY = "iPhone Developer";
				COPY_PHASE_STRIP = NO;
				DEBUG_INFORMATION_FORMAT = dwarf;
				ENABLE_STRICT_OBJC_MSGSEND = YES;
				ENABLE_TESTABILITY = YES;
				GCC_C_LANGUAGE_STANDARD = gnu11;
				GCC_DYNAMIC_NO_PIC = NO;
				GCC_NO_COMMON_BLOCKS = YES;
				GCC_OPTIMIZATION_LEVEL = 0;
				GCC_PREPROCESSOR_DEFINITIONS = (
					"DEBUG=1",
					"$(inherited)",
				);
				GCC_WARN_64_TO_32_BIT_CONVERSION = YES;
				GCC_WARN_ABOUT_RETURN_TYPE = YES_ERROR;
				GCC_WARN_UNDECLARED_SELECTOR = YES;
				GCC_WARN_UNINITIALIZED_AUTOS = YES_AGGRESSIVE;
				GCC_WARN_UNUSED_FUNCTION = YES;
				GCC_WARN_UNUSED_VARIABLE = YES;
				IPHONEOS_DEPLOYMENT_TARGET = 11.2;
				MTL_ENABLE_DEBUG_INFO = YES;
				ONLY_ACTIVE_ARCH = YES;
				SDKROOT = iphoneos;
				SWIFT_ACTIVE_COMPILATION_CONDITIONS = DEBUG;
				SWIFT_OPTIMIZATION_LEVEL = "-Onone";
			};
			name = Debug;
		};
		A3B925222023AB350023EECE /* Release */ = {
			isa = XCBuildConfiguration;
			buildSettings = {
				ALWAYS_SEARCH_USER_PATHS = NO;
				CLANG_ANALYZER_NONNULL = YES;
				CLANG_ANALYZER_NUMBER_OBJECT_CONVERSION = YES_AGGRESSIVE;
				CLANG_CXX_LANGUAGE_STANDARD = "gnu++14";
				CLANG_CXX_LIBRARY = "libc++";
				CLANG_ENABLE_MODULES = YES;
				CLANG_ENABLE_OBJC_ARC = YES;
				CLANG_WARN_BLOCK_CAPTURE_AUTORELEASING = YES;
				CLANG_WARN_BOOL_CONVERSION = YES;
				CLANG_WARN_COMMA = YES;
				CLANG_WARN_CONSTANT_CONVERSION = YES;
				CLANG_WARN_DIRECT_OBJC_ISA_USAGE = YES_ERROR;
				CLANG_WARN_DOCUMENTATION_COMMENTS = YES;
				CLANG_WARN_EMPTY_BODY = YES;
				CLANG_WARN_ENUM_CONVERSION = YES;
				CLANG_WARN_INFINITE_RECURSION = YES;
				CLANG_WARN_INT_CONVERSION = YES;
				CLANG_WARN_NON_LITERAL_NULL_CONVERSION = YES;
				CLANG_WARN_OBJC_LITERAL_CONVERSION = YES;
				CLANG_WARN_OBJC_ROOT_CLASS = YES_ERROR;
				CLANG_WARN_RANGE_LOOP_ANALYSIS = YES;
				CLANG_WARN_STRICT_PROTOTYPES = YES;
				CLANG_WARN_SUSPICIOUS_MOVE = YES;
				CLANG_WARN_UNGUARDED_AVAILABILITY = YES_AGGRESSIVE;
				CLANG_WARN_UNREACHABLE_CODE = YES;
				CLANG_WARN__DUPLICATE_METHOD_MATCH = YES;
				CODE_SIGN_IDENTITY = "iPhone Developer";
				COPY_PHASE_STRIP = NO;
				DEBUG_INFORMATION_FORMAT = "dwarf-with-dsym";
				ENABLE_NS_ASSERTIONS = NO;
				ENABLE_STRICT_OBJC_MSGSEND = YES;
				GCC_C_LANGUAGE_STANDARD = gnu11;
				GCC_NO_COMMON_BLOCKS = YES;
				GCC_WARN_64_TO_32_BIT_CONVERSION = YES;
				GCC_WARN_ABOUT_RETURN_TYPE = YES_ERROR;
				GCC_WARN_UNDECLARED_SELECTOR = YES;
				GCC_WARN_UNINITIALIZED_AUTOS = YES_AGGRESSIVE;
				GCC_WARN_UNUSED_FUNCTION = YES;
				GCC_WARN_UNUSED_VARIABLE = YES;
				IPHONEOS_DEPLOYMENT_TARGET = 11.2;
				MTL_ENABLE_DEBUG_INFO = NO;
				SDKROOT = iphoneos;
				SWIFT_OPTIMIZATION_LEVEL = "-Owholemodule";
				VALIDATE_PRODUCT = YES;
			};
			name = Release;
		};
		A3B925242023AB350023EECE /* Debug */ = {
			isa = XCBuildConfiguration;
			buildSettings = {
				ASSETCATALOG_COMPILER_APPICON_NAME = AppIcon;
				CODE_SIGN_STYLE = Automatic;
				INFOPLIST_FILE = MemorablePlaces/Info.plist;
				LD_RUNPATH_SEARCH_PATHS = "$(inherited) @executable_path/Frameworks";
				PRODUCT_BUNDLE_IDENTIFIER = com.chensc.MemorablePlaces;
				PRODUCT_NAME = "$(TARGET_NAME)";
				SWIFT_VERSION = 4.0;
				TARGETED_DEVICE_FAMILY = "1,2";
			};
			name = Debug;
		};
		A3B925252023AB350023EECE /* Release */ = {
			isa = XCBuildConfiguration;
			buildSettings = {
				ASSETCATALOG_COMPILER_APPICON_NAME = AppIcon;
				CODE_SIGN_STYLE = Automatic;
				INFOPLIST_FILE = MemorablePlaces/Info.plist;
				LD_RUNPATH_SEARCH_PATHS = "$(inherited) @executable_path/Frameworks";
				PRODUCT_BUNDLE_IDENTIFIER = com.chensc.MemorablePlaces;
				PRODUCT_NAME = "$(TARGET_NAME)";
				SWIFT_VERSION = 4.0;
				TARGETED_DEVICE_FAMILY = "1,2";
			};
			name = Release;
		};
/* End XCBuildConfiguration section */

/* Begin XCConfigurationList section */
		A3B9250C2023AB350023EECE /* Build configuration list for PBXProject "MemorablePlaces" */ = {
			isa = XCConfigurationList;
			buildConfigurations = (
				A3B925212023AB350023EECE /* Debug */,
				A3B925222023AB350023EECE /* Release */,
			);
			defaultConfigurationIsVisible = 0;
			defaultConfigurationName = Release;
		};
		A3B925232023AB350023EECE /* Build configuration list for PBXNativeTarget "MemorablePlaces" */ = {
			isa = XCConfigurationList;
			buildConfigurations = (
				A3B925242023AB350023EECE /* Debug */,
				A3B925252023AB350023EECE /* Release */,
			);
			defaultConfigurationIsVisible = 0;
			defaultConfigurationName = Release;
		};
/* End XCConfigurationList section */
	};
	rootObject = A3B925092023AB350023EECE /* Project object */;
}
